// !$*UTF8*$!
{
	archiveVersion = 1;
	classes = {
	};
	objectVersion = 50;
	objects = {

/* Begin PBXBuildFile section */
		A081E80324F6E756004ABEF4 /* AppDelegate.swift in Sources */ = {isa = PBXBuildFile; fileRef = A081E80224F6E756004ABEF4 /* AppDelegate.swift */; };
		A081E80524F6E756004ABEF4 /* SceneDelegate.swift in Sources */ = {isa = PBXBuildFile; fileRef = A081E80424F6E756004ABEF4 /* SceneDelegate.swift */; };
		A081E80724F6E756004ABEF4 /* ContentView.swift in Sources */ = {isa = PBXBuildFile; fileRef = A081E80624F6E756004ABEF4 /* ContentView.swift */; };
		A081E80924F6E75A004ABEF4 /* Assets.xcassets in Resources */ = {isa = PBXBuildFile; fileRef = A081E80824F6E75A004ABEF4 /* Assets.xcassets */; };
		A081E80C24F6E75A004ABEF4 /* Preview Assets.xcassets in Resources */ = {isa = PBXBuildFile; fileRef = A081E80B24F6E75A004ABEF4 /* Preview Assets.xcassets */; };
		A081E80F24F6E75A004ABEF4 /* LaunchScreen.storyboard in Resources */ = {isa = PBXBuildFile; fileRef = A081E80D24F6E75A004ABEF4 /* LaunchScreen.storyboard */; };
		A081E81A24F6E75B004ABEF4 /* AbstractFactoryTests.swift in Sources */ = {isa = PBXBuildFile; fileRef = A081E81924F6E75B004ABEF4 /* AbstractFactoryTests.swift */; };
		A081E82524F6E75B004ABEF4 /* AbstractFactoryUITests.swift in Sources */ = {isa = PBXBuildFile; fileRef = A081E82424F6E75B004ABEF4 /* AbstractFactoryUITests.swift */; };
/* End PBXBuildFile section */

/* Begin PBXContainerItemProxy section */
		A081E81624F6E75B004ABEF4 /* PBXContainerItemProxy */ = {
			isa = PBXContainerItemProxy;
			containerPortal = A081E7F724F6E755004ABEF4 /* Project object */;
			proxyType = 1;
			remoteGlobalIDString = A081E7FE24F6E756004ABEF4;
			remoteInfo = AbstractFactory;
		};
		A081E82124F6E75B004ABEF4 /* PBXContainerItemProxy */ = {
			isa = PBXContainerItemProxy;
			containerPortal = A081E7F724F6E755004ABEF4 /* Project object */;
			proxyType = 1;
			remoteGlobalIDString = A081E7FE24F6E756004ABEF4;
			remoteInfo = AbstractFactory;
		};
/* End PBXContainerItemProxy section */

/* Begin PBXFileReference section */
		A081E7FF24F6E756004ABEF4 /* AbstractFactory.app */ = {isa = PBXFileReference; explicitFileType = wrapper.application; includeInIndex = 0; path = AbstractFactory.app; sourceTree = BUILT_PRODUCTS_DIR; };
		A081E80224F6E756004ABEF4 /* AppDelegate.swift */ = {isa = PBXFileReference; lastKnownFileType = sourcecode.swift; path = AppDelegate.swift; sourceTree = "<group>"; };
		A081E80424F6E756004ABEF4 /* SceneDelegate.swift */ = {isa = PBXFileReference; lastKnownFileType = sourcecode.swift; path = SceneDelegate.swift; sourceTree = "<group>"; };
		A081E80624F6E756004ABEF4 /* ContentView.swift */ = {isa = PBXFileReference; lastKnownFileType = sourcecode.swift; path = ContentView.swift; sourceTree = "<group>"; };
		A081E80824F6E75A004ABEF4 /* Assets.xcassets */ = {isa = PBXFileReference; lastKnownFileType = folder.assetcatalog; path = Assets.xcassets; sourceTree = "<group>"; };
		A081E80B24F6E75A004ABEF4 /* Preview Assets.xcassets */ = {isa = PBXFileReference; lastKnownFileType = folder.assetcatalog; path = "Preview Assets.xcassets"; sourceTree = "<group>"; };
		A081E80E24F6E75A004ABEF4 /* Base */ = {isa = PBXFileReference; lastKnownFileType = file.storyboard; name = Base; path = Base.lproj/LaunchScreen.storyboard; sourceTree = "<group>"; };
		A081E81024F6E75A004ABEF4 /* Info.plist */ = {isa = PBXFileReference; lastKnownFileType = text.plist.xml; path = Info.plist; sourceTree = "<group>"; };
		A081E81524F6E75B004ABEF4 /* AbstractFactoryTests.xctest */ = {isa = PBXFileReference; explicitFileType = wrapper.cfbundle; includeInIndex = 0; path = AbstractFactoryTests.xctest; sourceTree = BUILT_PRODUCTS_DIR; };
		A081E81924F6E75B004ABEF4 /* AbstractFactoryTests.swift */ = {isa = PBXFileReference; lastKnownFileType = sourcecode.swift; path = AbstractFactoryTests.swift; sourceTree = "<group>"; };
		A081E81B24F6E75B004ABEF4 /* Info.plist */ = {isa = PBXFileReference; lastKnownFileType = text.plist.xml; path = Info.plist; sourceTree = "<group>"; };
		A081E82024F6E75B004ABEF4 /* AbstractFactoryUITests.xctest */ = {isa = PBXFileReference; explicitFileType = wrapper.cfbundle; includeInIndex = 0; path = AbstractFactoryUITests.xctest; sourceTree = BUILT_PRODUCTS_DIR; };
		A081E82424F6E75B004ABEF4 /* AbstractFactoryUITests.swift */ = {isa = PBXFileReference; lastKnownFileType = sourcecode.swift; path = AbstractFactoryUITests.swift; sourceTree = "<group>"; };
		A081E82624F6E75B004ABEF4 /* Info.plist */ = {isa = PBXFileReference; lastKnownFileType = text.plist.xml; path = Info.plist; sourceTree = "<group>"; };
/* End PBXFileReference section */

/* Begin PBXFrameworksBuildPhase section */
		A081E7FC24F6E756004ABEF4 /* Frameworks */ = {
			isa = PBXFrameworksBuildPhase;
			buildActionMask = 2147483647;
			files = (
			);
			runOnlyForDeploymentPostprocessing = 0;
		};
		A081E81224F6E75B004ABEF4 /* Frameworks */ = {
			isa = PBXFrameworksBuildPhase;
			buildActionMask = 2147483647;
			files = (
			);
			runOnlyForDeploymentPostprocessing = 0;
		};
		A081E81D24F6E75B004ABEF4 /* Frameworks */ = {
			isa = PBXFrameworksBuildPhase;
			buildActionMask = 2147483647;
			files = (
			);
			runOnlyForDeploymentPostprocessing = 0;
		};
/* End PBXFrameworksBuildPhase section */

/* Begin PBXGroup section */
		A081E7F624F6E755004ABEF4 = {
			isa = PBXGroup;
			children = (
				A081E80124F6E756004ABEF4 /* AbstractFactory */,
				A081E81824F6E75B004ABEF4 /* AbstractFactoryTests */,
				A081E82324F6E75B004ABEF4 /* AbstractFactoryUITests */,
				A081E80024F6E756004ABEF4 /* Products */,
			);
			sourceTree = "<group>";
		};
		A081E80024F6E756004ABEF4 /* Products */ = {
			isa = PBXGroup;
			children = (
				A081E7FF24F6E756004ABEF4 /* AbstractFactory.app */,
				A081E81524F6E75B004ABEF4 /* AbstractFactoryTests.xctest */,
				A081E82024F6E75B004ABEF4 /* AbstractFactoryUITests.xctest */,
			);
			name = Products;
			sourceTree = "<group>";
		};
		A081E80124F6E756004ABEF4 /* AbstractFactory */ = {
			isa = PBXGroup;
			children = (
				A081E80224F6E756004ABEF4 /* AppDelegate.swift */,
				A081E80424F6E756004ABEF4 /* SceneDelegate.swift */,
				A081E80624F6E756004ABEF4 /* ContentView.swift */,
				A081E80824F6E75A004ABEF4 /* Assets.xcassets */,
				A081E80D24F6E75A004ABEF4 /* LaunchScreen.storyboard */,
				A081E81024F6E75A004ABEF4 /* Info.plist */,
				A081E80A24F6E75A004ABEF4 /* Preview Content */,
			);
			path = AbstractFactory;
			sourceTree = "<group>";
		};
		A081E80A24F6E75A004ABEF4 /* Preview Content */ = {
			isa = PBXGroup;
			children = (
				A081E80B24F6E75A004ABEF4 /* Preview Assets.xcassets */,
			);
			path = "Preview Content";
			sourceTree = "<group>";
		};
		A081E81824F6E75B004ABEF4 /* AbstractFactoryTests */ = {
			isa = PBXGroup;
			children = (
				A081E81924F6E75B004ABEF4 /* AbstractFactoryTests.swift */,
				A081E81B24F6E75B004ABEF4 /* Info.plist */,
			);
			path = AbstractFactoryTests;
			sourceTree = "<group>";
		};
		A081E82324F6E75B004ABEF4 /* AbstractFactoryUITests */ = {
			isa = PBXGroup;
			children = (
				A081E82424F6E75B004ABEF4 /* AbstractFactoryUITests.swift */,
				A081E82624F6E75B004ABEF4 /* Info.plist */,
			);
			path = AbstractFactoryUITests;
			sourceTree = "<group>";
		};
/* End PBXGroup section */

/* Begin PBXNativeTarget section */
		A081E7FE24F6E756004ABEF4 /* AbstractFactory */ = {
			isa = PBXNativeTarget;
			buildConfigurationList = A081E82924F6E75B004ABEF4 /* Build configuration list for PBXNativeTarget "AbstractFactory" */;
			buildPhases = (
				A081E7FB24F6E756004ABEF4 /* Sources */,
				A081E7FC24F6E756004ABEF4 /* Frameworks */,
				A081E7FD24F6E756004ABEF4 /* Resources */,
			);
			buildRules = (
			);
			dependencies = (
			);
			name = AbstractFactory;
			productName = AbstractFactory;
			productReference = A081E7FF24F6E756004ABEF4 /* AbstractFactory.app */;
			productType = "com.apple.product-type.application";
		};
		A081E81424F6E75B004ABEF4 /* AbstractFactoryTests */ = {
			isa = PBXNativeTarget;
			buildConfigurationList = A081E82C24F6E75B004ABEF4 /* Build configuration list for PBXNativeTarget "AbstractFactoryTests" */;
			buildPhases = (
				A081E81124F6E75B004ABEF4 /* Sources */,
				A081E81224F6E75B004ABEF4 /* Frameworks */,
				A081E81324F6E75B004ABEF4 /* Resources */,
			);
			buildRules = (
			);
			dependencies = (
				A081E81724F6E75B004ABEF4 /* PBXTargetDependency */,
			);
			name = AbstractFactoryTests;
			productName = AbstractFactoryTests;
			productReference = A081E81524F6E75B004ABEF4 /* AbstractFactoryTests.xctest */;
			productType = "com.apple.product-type.bundle.unit-test";
		};
		A081E81F24F6E75B004ABEF4 /* AbstractFactoryUITests */ = {
			isa = PBXNativeTarget;
			buildConfigurationList = A081E82F24F6E75B004ABEF4 /* Build configuration list for PBXNativeTarget "AbstractFactoryUITests" */;
			buildPhases = (
				A081E81C24F6E75B004ABEF4 /* Sources */,
				A081E81D24F6E75B004ABEF4 /* Frameworks */,
				A081E81E24F6E75B004ABEF4 /* Resources */,
			);
			buildRules = (
			);
			dependencies = (
				A081E82224F6E75B004ABEF4 /* PBXTargetDependency */,
			);
			name = AbstractFactoryUITests;
			productName = AbstractFactoryUITests;
			productReference = A081E82024F6E75B004ABEF4 /* AbstractFactoryUITests.xctest */;
			productType = "com.apple.product-type.bundle.ui-testing";
		};
/* End PBXNativeTarget section */

/* Begin PBXProject section */
		A081E7F724F6E755004ABEF4 /* Project object */ = {
			isa = PBXProject;
			attributes = {
				LastSwiftUpdateCheck = 1140;
				LastUpgradeCheck = 1140;
				ORGANIZATIONNAME = ES;
				TargetAttributes = {
					A081E7FE24F6E756004ABEF4 = {
						CreatedOnToolsVersion = 11.4;
					};
					A081E81424F6E75B004ABEF4 = {
						CreatedOnToolsVersion = 11.4;
						TestTargetID = A081E7FE24F6E756004ABEF4;
					};
					A081E81F24F6E75B004ABEF4 = {
						CreatedOnToolsVersion = 11.4;
						TestTargetID = A081E7FE24F6E756004ABEF4;
					};
				};
			};
			buildConfigurationList = A081E7FA24F6E755004ABEF4 /* Build configuration list for PBXProject "AbstractFactory" */;
			compatibilityVersion = "Xcode 9.3";
			developmentRegion = en;
			hasScannedForEncodings = 0;
			knownRegions = (
				en,
				Base,
			);
			mainGroup = A081E7F624F6E755004ABEF4;
			productRefGroup = A081E80024F6E756004ABEF4 /* Products */;
			projectDirPath = "";
			projectRoot = "";
			targets = (
				A081E7FE24F6E756004ABEF4 /* AbstractFactory */,
				A081E81424F6E75B004ABEF4 /* AbstractFactoryTests */,
				A081E81F24F6E75B004ABEF4 /* AbstractFactoryUITests */,
			);
		};
/* End PBXProject section */

/* Begin PBXResourcesBuildPhase section */
		A081E7FD24F6E756004ABEF4 /* Resources */ = {
			isa = PBXResourcesBuildPhase;
			buildActionMask = 2147483647;
			files = (
				A081E80F24F6E75A004ABEF4 /* LaunchScreen.storyboard in Resources */,
				A081E80C24F6E75A004ABEF4 /* Preview Assets.xcassets in Resources */,
				A081E80924F6E75A004ABEF4 /* Assets.xcassets in Resources */,
			);
			runOnlyForDeploymentPostprocessing = 0;
		};
		A081E81324F6E75B004ABEF4 /* Resources */ = {
			isa = PBXResourcesBuildPhase;
			buildActionMask = 2147483647;
			files = (
			);
			runOnlyForDeploymentPostprocessing = 0;
		};
		A081E81E24F6E75B004ABEF4 /* Resources */ = {
			isa = PBXResourcesBuildPhase;
			buildActionMask = 2147483647;
			files = (
			);
			runOnlyForDeploymentPostprocessing = 0;
		};
/* End PBXResourcesBuildPhase section */

/* Begin PBXSourcesBuildPhase section */
		A081E7FB24F6E756004ABEF4 /* Sources */ = {
			isa = PBXSourcesBuildPhase;
			buildActionMask = 2147483647;
			files = (
				A081E80324F6E756004ABEF4 /* AppDelegate.swift in Sources */,
				A081E80524F6E756004ABEF4 /* SceneDelegate.swift in Sources */,
				A081E80724F6E756004ABEF4 /* ContentView.swift in Sources */,
			);
			runOnlyForDeploymentPostprocessing = 0;
		};
		A081E81124F6E75B004ABEF4 /* Sources */ = {
			isa = PBXSourcesBuildPhase;
			buildActionMask = 2147483647;
			files = (
				A081E81A24F6E75B004ABEF4 /* AbstractFactoryTests.swift in Sources */,
			);
			runOnlyForDeploymentPostprocessing = 0;
		};
		A081E81C24F6E75B004ABEF4 /* Sources */ = {
			isa = PBXSourcesBuildPhase;
			buildActionMask = 2147483647;
			files = (
				A081E82524F6E75B004ABEF4 /* AbstractFactoryUITests.swift in Sources */,
			);
			runOnlyForDeploymentPostprocessing = 0;
		};
/* End PBXSourcesBuildPhase section */

/* Begin PBXTargetDependency section */
		A081E81724F6E75B004ABEF4 /* PBXTargetDependency */ = {
			isa = PBXTargetDependency;
			target = A081E7FE24F6E756004ABEF4 /* AbstractFactory */;
			targetProxy = A081E81624F6E75B004ABEF4 /* PBXContainerItemProxy */;
		};
		A081E82224F6E75B004ABEF4 /* PBXTargetDependency */ = {
			isa = PBXTargetDependency;
			target = A081E7FE24F6E756004ABEF4 /* AbstractFactory */;
			targetProxy = A081E82124F6E75B004ABEF4 /* PBXContainerItemProxy */;
		};
/* End PBXTargetDependency section */

/* Begin PBXVariantGroup section */
		A081E80D24F6E75A004ABEF4 /* LaunchScreen.storyboard */ = {
			isa = PBXVariantGroup;
			children = (
				A081E80E24F6E75A004ABEF4 /* Base */,
			);
			name = LaunchScreen.storyboard;
			sourceTree = "<group>";
		};
/* End PBXVariantGroup section */

/* Begin XCBuildConfiguration section */
		A081E82724F6E75B004ABEF4 /* Debug */ = {
			isa = XCBuildConfiguration;
			buildSettings = {
				ALWAYS_SEARCH_USER_PATHS = NO;
				CLANG_ANALYZER_NONNULL = YES;
				CLANG_ANALYZER_NUMBER_OBJECT_CONVERSION = YES_AGGRESSIVE;
				CLANG_CXX_LANGUAGE_STANDARD = "gnu++14";
				CLANG_CXX_LIBRARY = "libc++";
				CLANG_ENABLE_MODULES = YES;
				CLANG_ENABLE_OBJC_ARC = YES;
				CLANG_ENABLE_OBJC_WEAK = YES;
				CLANG_WARN_BLOCK_CAPTURE_AUTORELEASING = YES;
				CLANG_WARN_BOOL_CONVERSION = YES;
				CLANG_WARN_COMMA = YES;
				CLANG_WARN_CONSTANT_CONVERSION = YES;
				CLANG_WARN_DEPRECATED_OBJC_IMPLEMENTATIONS = YES;
				CLANG_WARN_DIRECT_OBJC_ISA_USAGE = YES_ERROR;
				CLANG_WARN_DOCUMENTATION_COMMENTS = YES;
				CLANG_WARN_EMPTY_BODY = YES;
				CLANG_WARN_ENUM_CONVERSION = YES;
				CLANG_WARN_INFINITE_RECURSION = YES;
				CLANG_WARN_INT_CONVERSION = YES;
				CLANG_WARN_NON_LITERAL_NULL_CONVERSION = YES;
				CLANG_WARN_OBJC_IMPLICIT_RETAIN_SELF = YES;
				CLANG_WARN_OBJC_LITERAL_CONVERSION = YES;
				CLANG_WARN_OBJC_ROOT_CLASS = YES_ERROR;
				CLANG_WARN_RANGE_LOOP_ANALYSIS = YES;
				CLANG_WARN_STRICT_PROTOTYPES = YES;
				CLANG_WARN_SUSPICIOUS_MOVE = YES;
				CLANG_WARN_UNGUARDED_AVAILABILITY = YES_AGGRESSIVE;
				CLANG_WARN_UNREACHABLE_CODE = YES;
				CLANG_WARN__DUPLICATE_METHOD_MATCH = YES;
				COPY_PHASE_STRIP = NO;
				DEBUG_INFORMATION_FORMAT = dwarf;
				ENABLE_STRICT_OBJC_MSGSEND = YES;
				ENABLE_TESTABILITY = YES;
				GCC_C_LANGUAGE_STANDARD = gnu11;
				GCC_DYNAMIC_NO_PIC = NO;
				GCC_NO_COMMON_BLOCKS = YES;
				GCC_OPTIMIZATION_LEVEL = 0;
				GCC_PREPROCESSOR_DEFINITIONS = (
					"DEBUG=1",
					"$(inherited)",
				);
				GCC_WARN_64_TO_32_BIT_CONVERSION = YES;
				GCC_WARN_ABOUT_RETURN_TYPE = YES_ERROR;
				GCC_WARN_UNDECLARED_SELECTOR = YES;
				GCC_WARN_UNINITIALIZED_AUTOS = YES_AGGRESSIVE;
				GCC_WARN_UNUSED_FUNCTION = YES;
				GCC_WARN_UNUSED_VARIABLE = YES;
				IPHONEOS_DEPLOYMENT_TARGET = 13.4;
				MTL_ENABLE_DEBUG_INFO = INCLUDE_SOURCE;
				MTL_FAST_MATH = YES;
				ONLY_ACTIVE_ARCH = YES;
				SDKROOT = iphoneos;
				SWIFT_ACTIVE_COMPILATION_CONDITIONS = DEBUG;
				SWIFT_OPTIMIZATION_LEVEL = "-Onone";
			};
			name = Debug;
		};
		A081E82824F6E75B004ABEF4 /* Release */ = {
			isa = XCBuildConfiguration;
			buildSettings = {
				ALWAYS_SEARCH_USER_PATHS = NO;
				CLANG_ANALYZER_NONNULL = YES;
				CLANG_ANALYZER_NUMBER_OBJECT_CONVERSION = YES_AGGRESSIVE;
				CLANG_CXX_LANGUAGE_STANDARD = "gnu++14";
				CLANG_CXX_LIBRARY = "libc++";
				CLANG_ENABLE_MODULES = YES;
				CLANG_ENABLE_OBJC_ARC = YES;
				CLANG_ENABLE_OBJC_WEAK = YES;
				CLANG_WARN_BLOCK_CAPTURE_AUTORELEASING = YES;
				CLANG_WARN_BOOL_CONVERSION = YES;
				CLANG_WARN_COMMA = YES;
				CLANG_WARN_CONSTANT_CONVERSION = YES;
				CLANG_WARN_DEPRECATED_OBJC_IMPLEMENTATIONS = YES;
				CLANG_WARN_DIRECT_OBJC_ISA_USAGE = YES_ERROR;
				CLANG_WARN_DOCUMENTATION_COMMENTS = YES;
				CLANG_WARN_EMPTY_BODY = YES;
				CLANG_WARN_ENUM_CONVERSION = YES;
				CLANG_WARN_INFINITE_RECURSION = YES;
				CLANG_WARN_INT_CONVERSION = YES;
				CLANG_WARN_NON_LITERAL_NULL_CONVERSION = YES;
				CLANG_WARN_OBJC_IMPLICIT_RETAIN_SELF = YES;
				CLANG_WARN_OBJC_LITERAL_CONVERSION = YES;
				CLANG_WARN_OBJC_ROOT_CLASS = YES_ERROR;
				CLANG_WARN_RANGE_LOOP_ANALYSIS = YES;
				CLANG_WARN_STRICT_PROTOTYPES = YES;
				CLANG_WARN_SUSPICIOUS_MOVE = YES;
				CLANG_WARN_UNGUARDED_AVAILABILITY = YES_AGGRESSIVE;
				CLANG_WARN_UNREACHABLE_CODE = YES;
				CLANG_WARN__DUPLICATE_METHOD_MATCH = YES;
				COPY_PHASE_STRIP = NO;
				DEBUG_INFORMATION_FORMAT = "dwarf-with-dsym";
				ENABLE_NS_ASSERTIONS = NO;
				ENABLE_STRICT_OBJC_MSGSEND = YES;
				GCC_C_LANGUAGE_STANDARD = gnu11;
				GCC_NO_COMMON_BLOCKS = YES;
				GCC_WARN_64_TO_32_BIT_CONVERSION = YES;
				GCC_WARN_ABOUT_RETURN_TYPE = YES_ERROR;
				GCC_WARN_UNDECLARED_SELECTOR = YES;
				GCC_WARN_UNINITIALIZED_AUTOS = YES_AGGRESSIVE;
				GCC_WARN_UNUSED_FUNCTION = YES;
				GCC_WARN_UNUSED_VARIABLE = YES;
				IPHONEOS_DEPLOYMENT_TARGET = 13.4;
				MTL_ENABLE_DEBUG_INFO = NO;
				MTL_FAST_MATH = YES;
				SDKROOT = iphoneos;
				SWIFT_COMPILATION_MODE = wholemodule;
				SWIFT_OPTIMIZATION_LEVEL = "-O";
				VALIDATE_PRODUCT = YES;
			};
			name = Release;
		};
		A081E82A24F6E75B004ABEF4 /* Debug */ = {
			isa = XCBuildConfiguration;
			buildSettings = {
				ASSETCATALOG_COMPILER_APPICON_NAME = AppIcon;
				CODE_SIGN_STYLE = Automatic;
				DEVELOPMENT_ASSET_PATHS = "\"AbstractFactory/Preview Content\"";
				DEVELOPMENT_TEAM = 4WVM6Q5WWC;
				ENABLE_PREVIEWS = YES;
				INFOPLIST_FILE = AbstractFactory/Info.plist;
				LD_RUNPATH_SEARCH_PATHS = (
					"$(inherited)",
					"@executable_path/Frameworks",
				);
				PRODUCT_BUNDLE_IDENTIFIER = com.es.pattern.abstract.factory.AbstractFactory;
				PRODUCT_NAME = "$(TARGET_NAME)";
				SWIFT_VERSION = 5.0;
				TARGETED_DEVICE_FAMILY = "1,2";
			};
			name = Debug;
		};
		A081E82B24F6E75B004ABEF4 /* Release */ = {
			isa = XCBuildConfiguration;
			buildSettings = {
				ASSETCATALOG_COMPILER_APPICON_NAME = AppIcon;
				CODE_SIGN_STYLE = Automatic;
				DEVELOPMENT_ASSET_PATHS = "\"AbstractFactory/Preview Content\"";
				DEVELOPMENT_TEAM = 4WVM6Q5WWC;
				ENABLE_PREVIEWS = YES;
				INFOPLIST_FILE = AbstractFactory/Info.plist;
				LD_RUNPATH_SEARCH_PATHS = (
					"$(inherited)",
					"@executable_path/Frameworks",
				);
				PRODUCT_BUNDLE_IDENTIFIER = com.es.pattern.abstract.factory.AbstractFactory;
				PRODUCT_NAME = "$(TARGET_NAME)";
				SWIFT_VERSION = 5.0;
				TARGETED_DEVICE_FAMILY = "1,2";
			};
			name = Release;
		};
		A081E82D24F6E75B004ABEF4 /* Debug */ = {
			isa = XCBuildConfiguration;
			buildSettings = {
				ALWAYS_EMBED_SWIFT_STANDARD_LIBRARIES = YES;
				BUNDLE_LOADER = "$(TEST_HOST)";
				CODE_SIGN_STYLE = Automatic;
				DEVELOPMENT_TEAM = 4WVM6Q5WWC;
				INFOPLIST_FILE = AbstractFactoryTests/Info.plist;
				IPHONEOS_DEPLOYMENT_TARGET = 13.4;
				LD_RUNPATH_SEARCH_PATHS = (
					"$(inherited)",
					"@executable_path/Frameworks",
					"@loader_path/Frameworks",
				);
				PRODUCT_BUNDLE_IDENTIFIER = com.es.pattern.abstract.factory.AbstractFactoryTests;
				PRODUCT_NAME = "$(TARGET_NAME)";
				SWIFT_VERSION = 5.0;
				TARGETED_DEVICE_FAMILY = "1,2";
				TEST_HOST = "$(BUILT_PRODUCTS_DIR)/AbstractFactory.app/AbstractFactory";
			};
			name = Debug;
		};
		A081E82E24F6E75B004ABEF4 /* Release */ = {
			isa = XCBuildConfiguration;
			buildSettings = {
				ALWAYS_EMBED_SWIFT_STANDARD_LIBRARIES = YES;
				BUNDLE_LOADER = "$(TEST_HOST)";
				CODE_SIGN_STYLE = Automatic;
				DEVELOPMENT_TEAM = 4WVM6Q5WWC;
				INFOPLIST_FILE = AbstractFactoryTests/Info.plist;
				IPHONEOS_DEPLOYMENT_TARGET = 13.4;
				LD_RUNPATH_SEARCH_PATHS = (
					"$(inherited)",
					"@executable_path/Frameworks",
					"@loader_path/Frameworks",
				);
				PRODUCT_BUNDLE_IDENTIFIER = com.es.pattern.abstract.factory.AbstractFactoryTests;
				PRODUCT_NAME = "$(TARGET_NAME)";
				SWIFT_VERSION = 5.0;
				TARGETED_DEVICE_FAMILY = "1,2";
				TEST_HOST = "$(BUILT_PRODUCTS_DIR)/AbstractFactory.app/AbstractFactory";
			};
			name = Release;
		};
		A081E83024F6E75B004ABEF4 /* Debug */ = {
			isa = XCBuildConfiguration;
			buildSettings = {
				ALWAYS_EMBED_SWIFT_STANDARD_LIBRARIES = YES;
				CODE_SIGN_STYLE = Automatic;
				DEVELOPMENT_TEAM = 4WVM6Q5WWC;
				INFOPLIST_FILE = AbstractFactoryUITests/Info.plist;
				LD_RUNPATH_SEARCH_PATHS = (
					"$(inherited)",
					"@executable_path/Frameworks",
					"@loader_path/Frameworks",
				);
				PRODUCT_BUNDLE_IDENTIFIER = com.es.pattern.abstract.factory.AbstractFactoryUITests;
				PRODUCT_NAME = "$(TARGET_NAME)";
				SWIFT_VERSION = 5.0;
				TARGETED_DEVICE_FAMILY = "1,2";
				TEST_TARGET_NAME = AbstractFactory;
			};
			name = Debug;
		};
		A081E83124F6E75B004ABEF4 /* Release */ = {
			isa = XCBuildConfiguration;
			buildSettings = {
				ALWAYS_EMBED_SWIFT_STANDARD_LIBRARIES = YES;
				CODE_SIGN_STYLE = Automatic;
				DEVELOPMENT_TEAM = 4WVM6Q5WWC;
				INFOPLIST_FILE = AbstractFactoryUITests/Info.plist;
				LD_RUNPATH_SEARCH_PATHS = (
					"$(inherited)",
					"@executable_path/Frameworks",
					"@loader_path/Frameworks",
				);
				PRODUCT_BUNDLE_IDENTIFIER = com.es.pattern.abstract.factory.AbstractFactoryUITests;
				PRODUCT_NAME = "$(TARGET_NAME)";
				SWIFT_VERSION = 5.0;
				TARGETED_DEVICE_FAMILY = "1,2";
				TEST_TARGET_NAME = AbstractFactory;
			};
			name = Release;
		};
/* End XCBuildConfiguration section */

/* Begin XCConfigurationList section */
		A081E7FA24F6E755004ABEF4 /* Build configuration list for PBXProject "AbstractFactory" */ = {
			isa = XCConfigurationList;
			buildConfigurations = (
				A081E82724F6E75B004ABEF4 /* Debug */,
				A081E82824F6E75B004ABEF4 /* Release */,
			);
			defaultConfigurationIsVisible = 0;
			defaultConfigurationName = Release;
		};
		A081E82924F6E75B004ABEF4 /* Build configuration list for PBXNativeTarget "AbstractFactory" */ = {
			isa = XCConfigurationList;
			buildConfigurations = (
				A081E82A24F6E75B004ABEF4 /* Debug */,
				A081E82B24F6E75B004ABEF4 /* Release */,
			);
			defaultConfigurationIsVisible = 0;
			defaultConfigurationName = Release;
		};
		A081E82C24F6E75B004ABEF4 /* Build configuration list for PBXNativeTarget "AbstractFactoryTests" */ = {
			isa = XCConfigurationList;
			buildConfigurations = (
				A081E82D24F6E75B004ABEF4 /* Debug */,
				A081E82E24F6E75B004ABEF4 /* Release */,
			);
			defaultConfigurationIsVisible = 0;
			defaultConfigurationName = Release;
		};
		A081E82F24F6E75B004ABEF4 /* Build configuration list for PBXNativeTarget "AbstractFactoryUITests" */ = {
			isa = XCConfigurationList;
			buildConfigurations = (
				A081E83024F6E75B004ABEF4 /* Debug */,
				A081E83124F6E75B004ABEF4 /* Release */,
			);
			defaultConfigurationIsVisible = 0;
			defaultConfigurationName = Release;
		};
/* End XCConfigurationList section */
	};
	rootObject = A081E7F724F6E755004ABEF4 /* Project object */;
}
